// !$*UTF8*$!
{
	archiveVersion = 1;
	classes = {
	};
	objectVersion = 46;
	objects = {

/* Begin PBXBuildFile section */
		41CA09581E8C089AF4CB29E0 /* Pods_vk_news.framework in Frameworks */ = {isa = PBXBuildFile; fileRef = B566AD47FDE186FEABBAD232 /* Pods_vk_news.framework */; };
		469D95EB1DC4D88F003CFFBA /* ACAuthManager.swift in Sources */ = {isa = PBXBuildFile; fileRef = 469D95EA1DC4D88F003CFFBA /* ACAuthManager.swift */; };
		469D95ED1DC4EAB7003CFFBA /* ACFeedViewController.swift in Sources */ = {isa = PBXBuildFile; fileRef = 469D95EC1DC4EAB7003CFFBA /* ACFeedViewController.swift */; };
		46B392781DCDEC3C0078ADFC /* SwiftyJSON.swift in Sources */ = {isa = PBXBuildFile; fileRef = 46B392771DCDEC3C0078ADFC /* SwiftyJSON.swift */; };
		8906337F1DFF12A500F0F1AF /* ACVideoManager.swift in Sources */ = {isa = PBXBuildFile; fileRef = 8906337E1DFF12A500F0F1AF /* ACVideoManager.swift */; };
		89143A6C1DD24DB400AD4985 /* ACNewsTableViewCell_2.swift in Sources */ = {isa = PBXBuildFile; fileRef = 89143A6A1DD24DB400AD4985 /* ACNewsTableViewCell_2.swift */; };
		89143A6D1DD24DB400AD4985 /* ACNewsTableViewCell_2.xib in Resources */ = {isa = PBXBuildFile; fileRef = 89143A6B1DD24DB400AD4985 /* ACNewsTableViewCell_2.xib */; };
		89143A771DD4DD9300AD4985 /* ACNewsTableViewCell_1.swift in Sources */ = {isa = PBXBuildFile; fileRef = 89143A751DD4DD9300AD4985 /* ACNewsTableViewCell_1.swift */; };
		89143A781DD4DD9300AD4985 /* ACNewsTableViewCell_1.xib in Resources */ = {isa = PBXBuildFile; fileRef = 89143A761DD4DD9300AD4985 /* ACNewsTableViewCell_1.xib */; };
		89143A7B1DD4DDA400AD4985 /* ACNewsTableViewCell_3.swift in Sources */ = {isa = PBXBuildFile; fileRef = 89143A791DD4DDA400AD4985 /* ACNewsTableViewCell_3.swift */; };
		89143A7C1DD4DDA400AD4985 /* ACNewsTableViewCell_3.xib in Resources */ = {isa = PBXBuildFile; fileRef = 89143A7A1DD4DDA400AD4985 /* ACNewsTableViewCell_3.xib */; };
		8919B2FE1E0FFE6300AE9AA3 /* NewsfeedGetOperation.swift in Sources */ = {isa = PBXBuildFile; fileRef = 8919B2FD1E0FFE6300AE9AA3 /* NewsfeedGetOperation.swift */; };
		8932D0131DCDEFED00CA29B5 /* Consts.swift in Sources */ = {isa = PBXBuildFile; fileRef = 8932D0121DCDEFED00CA29B5 /* Consts.swift */; };
		8932D0161DCDF79D00CA29B5 /* API_WRAPPER.swift in Sources */ = {isa = PBXBuildFile; fileRef = 8932D0151DCDF79D00CA29B5 /* API_WRAPPER.swift */; };
		8932D0181DCE080600CA29B5 /* ACNewsManagers.swift in Sources */ = {isa = PBXBuildFile; fileRef = 8932D0171DCE080600CA29B5 /* ACNewsManagers.swift */; };
		8945BA061E01BA9400D86455 /* ACAvatarChatCollectionViewCell.swift in Sources */ = {isa = PBXBuildFile; fileRef = 8945BA001E01BA9400D86455 /* ACAvatarChatCollectionViewCell.swift */; };
		8945BA071E01BA9400D86455 /* ACAvatarChatCollectionViewCell.xib in Resources */ = {isa = PBXBuildFile; fileRef = 8945BA011E01BA9400D86455 /* ACAvatarChatCollectionViewCell.xib */; };
		8945BA081E01BA9400D86455 /* ACDialogNoReadTableViewCell.swift in Sources */ = {isa = PBXBuildFile; fileRef = 8945BA021E01BA9400D86455 /* ACDialogNoReadTableViewCell.swift */; };
		8945BA091E01BA9400D86455 /* ACDialogNoReadTableViewCell.xib in Resources */ = {isa = PBXBuildFile; fileRef = 8945BA031E01BA9400D86455 /* ACDialogNoReadTableViewCell.xib */; };
		8945BA0A1E01BA9400D86455 /* ACDialogTableViewCell.swift in Sources */ = {isa = PBXBuildFile; fileRef = 8945BA041E01BA9400D86455 /* ACDialogTableViewCell.swift */; };
		8945BA0B1E01BA9400D86455 /* ACDialogTableViewCell.xib in Resources */ = {isa = PBXBuildFile; fileRef = 8945BA051E01BA9400D86455 /* ACDialogTableViewCell.xib */; };
		8945BA131E01BB4500D86455 /* ACDialog.swift in Sources */ = {isa = PBXBuildFile; fileRef = 8945BA111E01BB4500D86455 /* ACDialog.swift */; };
		8945BA141E01BB4500D86455 /* ChatImage.swift in Sources */ = {isa = PBXBuildFile; fileRef = 8945BA121E01BB4500D86455 /* ChatImage.swift */; };
		8945BA191E01BC2D00D86455 /* ACChatManager.swift in Sources */ = {isa = PBXBuildFile; fileRef = 8945BA161E01BC2D00D86455 /* ACChatManager.swift */; };
		8945BA1A1E01BC2D00D86455 /* ACDialogManagers.swift in Sources */ = {isa = PBXBuildFile; fileRef = 8945BA171E01BC2D00D86455 /* ACDialogManagers.swift */; };
		8945BA1B1E01BC2D00D86455 /* LongPoll.swift in Sources */ = {isa = PBXBuildFile; fileRef = 8945BA181E01BC2D00D86455 /* LongPoll.swift */; };
		8945BA1E1E01BD8B00D86455 /* ChatViewController.swift in Sources */ = {isa = PBXBuildFile; fileRef = 8945BA1D1E01BD8B00D86455 /* ChatViewController.swift */; };
		8945BA201E01BF2200D86455 /* JSQSystemSoundPlayer.framework in Frameworks */ = {isa = PBXBuildFile; fileRef = 8945BA1F1E01BF2200D86455 /* JSQSystemSoundPlayer.framework */; };
		8945BA221E01BF2600D86455 /* JSQMessagesViewController.framework in Frameworks */ = {isa = PBXBuildFile; fileRef = 8945BA211E01BF2600D86455 /* JSQMessagesViewController.framework */; };
		894AA0FD1DE96865009BB555 /* ACWallPost.swift in Sources */ = {isa = PBXBuildFile; fileRef = 894AA0FC1DE96865009BB555 /* ACWallPost.swift */; };
		894AA0FF1DE96880009BB555 /* ACCellHeader.swift in Sources */ = {isa = PBXBuildFile; fileRef = 894AA0FE1DE96880009BB555 /* ACCellHeader.swift */; };
		894AA1011DE96892009BB555 /* ACWallPostCopyHeader.swift in Sources */ = {isa = PBXBuildFile; fileRef = 894AA1001DE96892009BB555 /* ACWallPostCopyHeader.swift */; };
		894AA10A1DE96A50009BB555 /* ACCellText.swift in Sources */ = {isa = PBXBuildFile; fileRef = 894AA1091DE96A50009BB555 /* ACCellText.swift */; };
		894AA10C1DE96AFF009BB555 /* ACCellSource.swift in Sources */ = {isa = PBXBuildFile; fileRef = 894AA10B1DE96AFF009BB555 /* ACCellSource.swift */; };
		894AA10E1DE96B44009BB555 /* ACCellImage.swift in Sources */ = {isa = PBXBuildFile; fileRef = 894AA10D1DE96B44009BB555 /* ACCellImage.swift */; };
		894AA1101DE96B70009BB555 /* ACCellFooter.swift in Sources */ = {isa = PBXBuildFile; fileRef = 894AA10F1DE96B70009BB555 /* ACCellFooter.swift */; };
		894AA1151DE98BF1009BB555 /* ACUnderCTableViewCell.swift in Sources */ = {isa = PBXBuildFile; fileRef = 894AA1131DE98BF1009BB555 /* ACUnderCTableViewCell.swift */; };
		894AA1161DE98BF1009BB555 /* ACUnderCTableViewCell.xib in Resources */ = {isa = PBXBuildFile; fileRef = 894AA1141DE98BF1009BB555 /* ACUnderCTableViewCell.xib */; };
		894AA11C1DE9BB70009BB555 /* ACWallHeaderTableViewCell.swift in Sources */ = {isa = PBXBuildFile; fileRef = 894AA11A1DE9BB70009BB555 /* ACWallHeaderTableViewCell.swift */; };
		894AA11D1DE9BB70009BB555 /* ACWallHeaderTableViewCell.xib in Resources */ = {isa = PBXBuildFile; fileRef = 894AA11B1DE9BB70009BB555 /* ACWallHeaderTableViewCell.xib */; };
		894AA1221DE9BD4F009BB555 /* ACWallCopySourceTableViewCell.swift in Sources */ = {isa = PBXBuildFile; fileRef = 894AA1201DE9BD4F009BB555 /* ACWallCopySourceTableViewCell.swift */; };
		894AA1231DE9BD4F009BB555 /* ACWallCopySourceTableViewCell.xib in Resources */ = {isa = PBXBuildFile; fileRef = 894AA1211DE9BD4F009BB555 /* ACWallCopySourceTableViewCell.xib */; };
		894AA1271DE9BE10009BB555 /* ACWallTextTableViewCell.swift in Sources */ = {isa = PBXBuildFile; fileRef = 894AA1251DE9BE10009BB555 /* ACWallTextTableViewCell.swift */; };
		894AA1281DE9BE10009BB555 /* ACWallTextTableViewCell.xib in Resources */ = {isa = PBXBuildFile; fileRef = 894AA1261DE9BE10009BB555 /* ACWallTextTableViewCell.xib */; };
		894AA12D1DE9BF02009BB555 /* ACImageTableViewCell.swift in Sources */ = {isa = PBXBuildFile; fileRef = 894AA12B1DE9BF02009BB555 /* ACImageTableViewCell.swift */; };
		894AA12E1DE9BF02009BB555 /* ACImageTableViewCell.xib in Resources */ = {isa = PBXBuildFile; fileRef = 894AA12C1DE9BF02009BB555 /* ACImageTableViewCell.xib */; };
		894AA1311DE9BFD0009BB555 /* ACFooterTableViewCell.swift in Sources */ = {isa = PBXBuildFile; fileRef = 894AA12F1DE9BFD0009BB555 /* ACFooterTableViewCell.swift */; };
		894AA1321DE9BFD0009BB555 /* ACFooterTableViewCell.xib in Resources */ = {isa = PBXBuildFile; fileRef = 894AA1301DE9BFD0009BB555 /* ACFooterTableViewCell.xib */; };
		894AA1721DEF46B5009BB555 /* ACCellVideo.swift in Sources */ = {isa = PBXBuildFile; fileRef = 894AA1711DEF46B5009BB555 /* ACCellVideo.swift */; };
		894AA1761DEF4D46009BB555 /* ACVideoTableViewCell.swift in Sources */ = {isa = PBXBuildFile; fileRef = 894AA1741DEF4D46009BB555 /* ACVideoTableViewCell.swift */; };
		894AA1771DEF4D46009BB555 /* ACVideoTableViewCell.xib in Resources */ = {isa = PBXBuildFile; fileRef = 894AA1751DEF4D46009BB555 /* ACVideoTableViewCell.xib */; };
		894B4EB41DBFD92A006FEF19 /* SDWebImage.framework in Frameworks */ = {isa = PBXBuildFile; fileRef = 894B4EB31DBFD92A006FEF19 /* SDWebImage.framework */; };
		894B4EB61DBFD92F006FEF19 /* MWPhotoBrowser.framework in Frameworks */ = {isa = PBXBuildFile; fileRef = 894B4EB51DBFD92F006FEF19 /* MWPhotoBrowser.framework */; };
		894B4EB81DBFDB12006FEF19 /* VK_ios_sdk.framework in Frameworks */ = {isa = PBXBuildFile; fileRef = 894B4EB71DBFDB12006FEF19 /* VK_ios_sdk.framework */; };
		895B78FF1DE4B2E100A12DC5 /* ACSource.swift in Sources */ = {isa = PBXBuildFile; fileRef = 895B78FE1DE4B2E100A12DC5 /* ACSource.swift */; };
		895B79011DE4B48400A12DC5 /* ACMessagesViewController.swift in Sources */ = {isa = PBXBuildFile; fileRef = 895B79001DE4B48400A12DC5 /* ACMessagesViewController.swift */; };
		895B79031DE4B49E00A12DC5 /* ACFriendsViewController.swift in Sources */ = {isa = PBXBuildFile; fileRef = 895B79021DE4B49E00A12DC5 /* ACFriendsViewController.swift */; };
		895B79051DE4B4D600A12DC5 /* ACAccountViewController.swift in Sources */ = {isa = PBXBuildFile; fileRef = 895B79041DE4B4D600A12DC5 /* ACAccountViewController.swift */; };
		895B79111DE611DF00A12DC5 /* ACAccountHeaderTableViewCell.swift in Sources */ = {isa = PBXBuildFile; fileRef = 895B790F1DE611DF00A12DC5 /* ACAccountHeaderTableViewCell.swift */; };
		895B79121DE611DF00A12DC5 /* ACAccountHeaderTableViewCell.xib in Resources */ = {isa = PBXBuildFile; fileRef = 895B79101DE611DF00A12DC5 /* ACAccountHeaderTableViewCell.xib */; };
		895B79141DE7510D00A12DC5 /* ACAccountManager.swift in Sources */ = {isa = PBXBuildFile; fileRef = 895B79131DE7510D00A12DC5 /* ACAccountManager.swift */; };
		895B79161DE7523800A12DC5 /* ACAccount.swift in Sources */ = {isa = PBXBuildFile; fileRef = 895B79151DE7523800A12DC5 /* ACAccount.swift */; };
		897275231DBFD5B500CD8FC3 /* AppDelegate.swift in Sources */ = {isa = PBXBuildFile; fileRef = 897275221DBFD5B500CD8FC3 /* AppDelegate.swift */; };
		897275281DBFD5B500CD8FC3 /* Main.storyboard in Resources */ = {isa = PBXBuildFile; fileRef = 897275261DBFD5B500CD8FC3 /* Main.storyboard */; };
		8972752D1DBFD5B500CD8FC3 /* LaunchScreen.storyboard in Resources */ = {isa = PBXBuildFile; fileRef = 8972752B1DBFD5B500CD8FC3 /* LaunchScreen.storyboard */; };
		897275381DBFD5B500CD8FC3 /* vk_newsTests.swift in Sources */ = {isa = PBXBuildFile; fileRef = 897275371DBFD5B500CD8FC3 /* vk_newsTests.swift */; };
		897275431DBFD5B500CD8FC3 /* vk_newsUITests.swift in Sources */ = {isa = PBXBuildFile; fileRef = 897275421DBFD5B500CD8FC3 /* vk_newsUITests.swift */; };
		897AB29C1E1A6BA300A22887 /* AccountGetOperation.swift in Sources */ = {isa = PBXBuildFile; fileRef = 897AB29B1E1A6BA300A22887 /* AccountGetOperation.swift */; };
		899415BD1DCE0A0E000186E6 /* ACNews.swift in Sources */ = {isa = PBXBuildFile; fileRef = 899415BC1DCE0A0E000186E6 /* ACNews.swift */; };
		89BFAB6E1E0FF5E700394F02 /* OperationsManager.swift in Sources */ = {isa = PBXBuildFile; fileRef = 89BFAB6D1E0FF5E700394F02 /* OperationsManager.swift */; };
		89D197A81DE058400042425C /* Assets.xcassets in Resources */ = {isa = PBXBuildFile; fileRef = 89D197A71DE058400042425C /* Assets.xcassets */; };
		89D197AC1DE05D7A0042425C /* ACNewsTableViewCell_99.swift in Sources */ = {isa = PBXBuildFile; fileRef = 89D197AA1DE05D7A0042425C /* ACNewsTableViewCell_99.swift */; };
		89D197AD1DE05D7A0042425C /* ACNewsTableViewCell_99.xib in Resources */ = {isa = PBXBuildFile; fileRef = 89D197AB1DE05D7A0042425C /* ACNewsTableViewCell_99.xib */; };
		89D197AF1DE09B4E0042425C /* ACBaseItem.swift in Sources */ = {isa = PBXBuildFile; fileRef = 89D197AE1DE09B4E0042425C /* ACBaseItem.swift */; };
		89D197B11DE09B7F0042425C /* ACNewsItem.swift in Sources */ = {isa = PBXBuildFile; fileRef = 89D197B01DE09B7F0042425C /* ACNewsItem.swift */; };
		89D197B31DE09BF40042425C /* ACNewsText.swift in Sources */ = {isa = PBXBuildFile; fileRef = 89D197B21DE09BF40042425C /* ACNewsText.swift */; };
		89D197B51DE09C410042425C /* ACNewsImage.swift in Sources */ = {isa = PBXBuildFile; fileRef = 89D197B41DE09C410042425C /* ACNewsImage.swift */; };
		89D197B71DE09C7D0042425C /* ACNewsHeader.swift in Sources */ = {isa = PBXBuildFile; fileRef = 89D197B61DE09C7D0042425C /* ACNewsHeader.swift */; };
		89D197B91DE09CF80042425C /* ACNewsFooter.swift in Sources */ = {isa = PBXBuildFile; fileRef = 89D197B81DE09CF80042425C /* ACNewsFooter.swift */; };
/* End PBXBuildFile section */

/* Begin PBXContainerItemProxy section */
		897275341DBFD5B500CD8FC3 /* PBXContainerItemProxy */ = {
			isa = PBXContainerItemProxy;
			containerPortal = 897275171DBFD5B500CD8FC3 /* Project object */;
			proxyType = 1;
			remoteGlobalIDString = 8972751E1DBFD5B500CD8FC3;
			remoteInfo = vk_news;
		};
		8972753F1DBFD5B500CD8FC3 /* PBXContainerItemProxy */ = {
			isa = PBXContainerItemProxy;
			containerPortal = 897275171DBFD5B500CD8FC3 /* Project object */;
			proxyType = 1;
			remoteGlobalIDString = 8972751E1DBFD5B500CD8FC3;
			remoteInfo = vk_news;
		};
/* End PBXContainerItemProxy section */

/* Begin PBXFileReference section */
		3C9E787D0B5BBC523D6722F8 /* Pods-vk_news.release.xcconfig */ = {isa = PBXFileReference; includeInIndex = 1; lastKnownFileType = text.xcconfig; name = "Pods-vk_news.release.xcconfig"; path = "Pods/Target Support Files/Pods-vk_news/Pods-vk_news.release.xcconfig"; sourceTree = "<group>"; };
		469D95EA1DC4D88F003CFFBA /* ACAuthManager.swift */ = {isa = PBXFileReference; fileEncoding = 4; lastKnownFileType = sourcecode.swift; path = ACAuthManager.swift; sourceTree = "<group>"; };
		469D95EC1DC4EAB7003CFFBA /* ACFeedViewController.swift */ = {isa = PBXFileReference; fileEncoding = 4; lastKnownFileType = sourcecode.swift; path = ACFeedViewController.swift; sourceTree = "<group>"; };
		46B392771DCDEC3C0078ADFC /* SwiftyJSON.swift */ = {isa = PBXFileReference; fileEncoding = 4; lastKnownFileType = sourcecode.swift; path = SwiftyJSON.swift; sourceTree = "<group>"; };
		77847D1265890A7D1BE8A520 /* Pods-vk_news.debug.xcconfig */ = {isa = PBXFileReference; includeInIndex = 1; lastKnownFileType = text.xcconfig; name = "Pods-vk_news.debug.xcconfig"; path = "Pods/Target Support Files/Pods-vk_news/Pods-vk_news.debug.xcconfig"; sourceTree = "<group>"; };
		8906337E1DFF12A500F0F1AF /* ACVideoManager.swift */ = {isa = PBXFileReference; fileEncoding = 4; lastKnownFileType = sourcecode.swift; path = ACVideoManager.swift; sourceTree = "<group>"; };
		89143A6A1DD24DB400AD4985 /* ACNewsTableViewCell_2.swift */ = {isa = PBXFileReference; fileEncoding = 4; lastKnownFileType = sourcecode.swift; path = ACNewsTableViewCell_2.swift; sourceTree = "<group>"; };
		89143A6B1DD24DB400AD4985 /* ACNewsTableViewCell_2.xib */ = {isa = PBXFileReference; fileEncoding = 4; lastKnownFileType = file.xib; path = ACNewsTableViewCell_2.xib; sourceTree = "<group>"; };
		89143A751DD4DD9300AD4985 /* ACNewsTableViewCell_1.swift */ = {isa = PBXFileReference; fileEncoding = 4; lastKnownFileType = sourcecode.swift; path = ACNewsTableViewCell_1.swift; sourceTree = "<group>"; };
		89143A761DD4DD9300AD4985 /* ACNewsTableViewCell_1.xib */ = {isa = PBXFileReference; fileEncoding = 4; lastKnownFileType = file.xib; path = ACNewsTableViewCell_1.xib; sourceTree = "<group>"; };
		89143A791DD4DDA400AD4985 /* ACNewsTableViewCell_3.swift */ = {isa = PBXFileReference; fileEncoding = 4; lastKnownFileType = sourcecode.swift; path = ACNewsTableViewCell_3.swift; sourceTree = "<group>"; };
		89143A7A1DD4DDA400AD4985 /* ACNewsTableViewCell_3.xib */ = {isa = PBXFileReference; fileEncoding = 4; lastKnownFileType = file.xib; path = ACNewsTableViewCell_3.xib; sourceTree = "<group>"; };
		8919B2FD1E0FFE6300AE9AA3 /* NewsfeedGetOperation.swift */ = {isa = PBXFileReference; fileEncoding = 4; lastKnownFileType = sourcecode.swift; path = NewsfeedGetOperation.swift; sourceTree = "<group>"; };
		8932D0121DCDEFED00CA29B5 /* Consts.swift */ = {isa = PBXFileReference; fileEncoding = 4; lastKnownFileType = sourcecode.swift; path = Consts.swift; sourceTree = "<group>"; };
		8932D0151DCDF79D00CA29B5 /* API_WRAPPER.swift */ = {isa = PBXFileReference; fileEncoding = 4; lastKnownFileType = sourcecode.swift; path = API_WRAPPER.swift; sourceTree = "<group>"; };
		8932D0171DCE080600CA29B5 /* ACNewsManagers.swift */ = {isa = PBXFileReference; fileEncoding = 4; lastKnownFileType = sourcecode.swift; path = ACNewsManagers.swift; sourceTree = "<group>"; };
		8945BA001E01BA9400D86455 /* ACAvatarChatCollectionViewCell.swift */ = {isa = PBXFileReference; fileEncoding = 4; lastKnownFileType = sourcecode.swift; name = ACAvatarChatCollectionViewCell.swift; path = "../../vk_news_Sections-message-to add /vk_news/ACAvatarChatCollectionViewCell.swift"; sourceTree = "<group>"; };
		8945BA011E01BA9400D86455 /* ACAvatarChatCollectionViewCell.xib */ = {isa = PBXFileReference; fileEncoding = 4; lastKnownFileType = file.xib; name = ACAvatarChatCollectionViewCell.xib; path = "../../vk_news_Sections-message-to add /vk_news/ACAvatarChatCollectionViewCell.xib"; sourceTree = "<group>"; };
		8945BA021E01BA9400D86455 /* ACDialogNoReadTableViewCell.swift */ = {isa = PBXFileReference; fileEncoding = 4; lastKnownFileType = sourcecode.swift; name = ACDialogNoReadTableViewCell.swift; path = "../../vk_news_Sections-message-to add /vk_news/ACDialogNoReadTableViewCell.swift"; sourceTree = "<group>"; };
		8945BA031E01BA9400D86455 /* ACDialogNoReadTableViewCell.xib */ = {isa = PBXFileReference; fileEncoding = 4; lastKnownFileType = file.xib; name = ACDialogNoReadTableViewCell.xib; path = "../../vk_news_Sections-message-to add /vk_news/ACDialogNoReadTableViewCell.xib"; sourceTree = "<group>"; };
		8945BA041E01BA9400D86455 /* ACDialogTableViewCell.swift */ = {isa = PBXFileReference; fileEncoding = 4; lastKnownFileType = sourcecode.swift; name = ACDialogTableViewCell.swift; path = "../../vk_news_Sections-message-to add /vk_news/ACDialogTableViewCell.swift"; sourceTree = "<group>"; };
		8945BA051E01BA9400D86455 /* ACDialogTableViewCell.xib */ = {isa = PBXFileReference; fileEncoding = 4; lastKnownFileType = file.xib; name = ACDialogTableViewCell.xib; path = "../../vk_news_Sections-message-to add /vk_news/ACDialogTableViewCell.xib"; sourceTree = "<group>"; };
		8945BA111E01BB4500D86455 /* ACDialog.swift */ = {isa = PBXFileReference; fileEncoding = 4; lastKnownFileType = sourcecode.swift; name = ACDialog.swift; path = "../../vk_news_Sections-message-to add /vk_news/ACDialog.swift"; sourceTree = "<group>"; };
		8945BA121E01BB4500D86455 /* ChatImage.swift */ = {isa = PBXFileReference; fileEncoding = 4; lastKnownFileType = sourcecode.swift; name = ChatImage.swift; path = "../../vk_news_Sections-message-to add /vk_news/ChatImage.swift"; sourceTree = "<group>"; };
		8945BA161E01BC2D00D86455 /* ACChatManager.swift */ = {isa = PBXFileReference; fileEncoding = 4; lastKnownFileType = sourcecode.swift; name = ACChatManager.swift; path = "../../vk_news_Sections-message-to add /vk_news/ACChatManager.swift"; sourceTree = "<group>"; };
		8945BA171E01BC2D00D86455 /* ACDialogManagers.swift */ = {isa = PBXFileReference; fileEncoding = 4; lastKnownFileType = sourcecode.swift; name = ACDialogManagers.swift; path = "../../vk_news_Sections-message-to add /vk_news/ACDialogManagers.swift"; sourceTree = "<group>"; };
		8945BA181E01BC2D00D86455 /* LongPoll.swift */ = {isa = PBXFileReference; fileEncoding = 4; lastKnownFileType = sourcecode.swift; name = LongPoll.swift; path = "../../vk_news_Sections-message-to add /vk_news/LongPoll.swift"; sourceTree = "<group>"; };
		8945BA1D1E01BD8B00D86455 /* ChatViewController.swift */ = {isa = PBXFileReference; fileEncoding = 4; lastKnownFileType = sourcecode.swift; name = ChatViewController.swift; path = "../../vk_news_Sections-message-to add /vk_news/ChatViewController.swift"; sourceTree = "<group>"; };
		8945BA1F1E01BF2200D86455 /* JSQSystemSoundPlayer.framework */ = {isa = PBXFileReference; lastKnownFileType = wrapper.framework; name = JSQSystemSoundPlayer.framework; path = "Pods/../build/Debug-iphoneos/JSQSystemSoundPlayer/JSQSystemSoundPlayer.framework"; sourceTree = "<group>"; };
		8945BA211E01BF2600D86455 /* JSQMessagesViewController.framework */ = {isa = PBXFileReference; lastKnownFileType = wrapper.framework; name = JSQMessagesViewController.framework; path = "Pods/../build/Debug-iphoneos/JSQMessagesViewController/JSQMessagesViewController.framework"; sourceTree = "<group>"; };
		894AA0FC1DE96865009BB555 /* ACWallPost.swift */ = {isa = PBXFileReference; fileEncoding = 4; lastKnownFileType = sourcecode.swift; path = ACWallPost.swift; sourceTree = "<group>"; };
		894AA0FE1DE96880009BB555 /* ACCellHeader.swift */ = {isa = PBXFileReference; fileEncoding = 4; lastKnownFileType = sourcecode.swift; path = ACCellHeader.swift; sourceTree = "<group>"; };
		894AA1001DE96892009BB555 /* ACWallPostCopyHeader.swift */ = {isa = PBXFileReference; fileEncoding = 4; lastKnownFileType = sourcecode.swift; path = ACWallPostCopyHeader.swift; sourceTree = "<group>"; };
		894AA1091DE96A50009BB555 /* ACCellText.swift */ = {isa = PBXFileReference; fileEncoding = 4; lastKnownFileType = sourcecode.swift; path = ACCellText.swift; sourceTree = "<group>"; };
		894AA10B1DE96AFF009BB555 /* ACCellSource.swift */ = {isa = PBXFileReference; fileEncoding = 4; lastKnownFileType = sourcecode.swift; path = ACCellSource.swift; sourceTree = "<group>"; };
		894AA10D1DE96B44009BB555 /* ACCellImage.swift */ = {isa = PBXFileReference; fileEncoding = 4; lastKnownFileType = sourcecode.swift; path = ACCellImage.swift; sourceTree = "<group>"; };
		894AA10F1DE96B70009BB555 /* ACCellFooter.swift */ = {isa = PBXFileReference; fileEncoding = 4; lastKnownFileType = sourcecode.swift; path = ACCellFooter.swift; sourceTree = "<group>"; };
		894AA1131DE98BF1009BB555 /* ACUnderCTableViewCell.swift */ = {isa = PBXFileReference; fileEncoding = 4; lastKnownFileType = sourcecode.swift; path = ACUnderCTableViewCell.swift; sourceTree = "<group>"; };
		894AA1141DE98BF1009BB555 /* ACUnderCTableViewCell.xib */ = {isa = PBXFileReference; fileEncoding = 4; lastKnownFileType = file.xib; path = ACUnderCTableViewCell.xib; sourceTree = "<group>"; };
		894AA11A1DE9BB70009BB555 /* ACWallHeaderTableViewCell.swift */ = {isa = PBXFileReference; fileEncoding = 4; lastKnownFileType = sourcecode.swift; path = ACWallHeaderTableViewCell.swift; sourceTree = "<group>"; };
		894AA11B1DE9BB70009BB555 /* ACWallHeaderTableViewCell.xib */ = {isa = PBXFileReference; fileEncoding = 4; lastKnownFileType = file.xib; path = ACWallHeaderTableViewCell.xib; sourceTree = "<group>"; };
		894AA1201DE9BD4F009BB555 /* ACWallCopySourceTableViewCell.swift */ = {isa = PBXFileReference; fileEncoding = 4; lastKnownFileType = sourcecode.swift; path = ACWallCopySourceTableViewCell.swift; sourceTree = "<group>"; };
		894AA1211DE9BD4F009BB555 /* ACWallCopySourceTableViewCell.xib */ = {isa = PBXFileReference; fileEncoding = 4; lastKnownFileType = file.xib; path = ACWallCopySourceTableViewCell.xib; sourceTree = "<group>"; };
		894AA1251DE9BE10009BB555 /* ACWallTextTableViewCell.swift */ = {isa = PBXFileReference; fileEncoding = 4; lastKnownFileType = sourcecode.swift; path = ACWallTextTableViewCell.swift; sourceTree = "<group>"; };
		894AA1261DE9BE10009BB555 /* ACWallTextTableViewCell.xib */ = {isa = PBXFileReference; fileEncoding = 4; lastKnownFileType = file.xib; path = ACWallTextTableViewCell.xib; sourceTree = "<group>"; };
		894AA12B1DE9BF02009BB555 /* ACImageTableViewCell.swift */ = {isa = PBXFileReference; fileEncoding = 4; lastKnownFileType = sourcecode.swift; path = ACImageTableViewCell.swift; sourceTree = "<group>"; };
		894AA12C1DE9BF02009BB555 /* ACImageTableViewCell.xib */ = {isa = PBXFileReference; fileEncoding = 4; lastKnownFileType = file.xib; path = ACImageTableViewCell.xib; sourceTree = "<group>"; };
		894AA12F1DE9BFD0009BB555 /* ACFooterTableViewCell.swift */ = {isa = PBXFileReference; fileEncoding = 4; lastKnownFileType = sourcecode.swift; path = ACFooterTableViewCell.swift; sourceTree = "<group>"; };
		894AA1301DE9BFD0009BB555 /* ACFooterTableViewCell.xib */ = {isa = PBXFileReference; fileEncoding = 4; lastKnownFileType = file.xib; path = ACFooterTableViewCell.xib; sourceTree = "<group>"; };
		894AA1711DEF46B5009BB555 /* ACCellVideo.swift */ = {isa = PBXFileReference; fileEncoding = 4; lastKnownFileType = sourcecode.swift; path = ACCellVideo.swift; sourceTree = "<group>"; };
		894AA1741DEF4D46009BB555 /* ACVideoTableViewCell.swift */ = {isa = PBXFileReference; fileEncoding = 4; lastKnownFileType = sourcecode.swift; path = ACVideoTableViewCell.swift; sourceTree = "<group>"; };
		894AA1751DEF4D46009BB555 /* ACVideoTableViewCell.xib */ = {isa = PBXFileReference; fileEncoding = 4; lastKnownFileType = file.xib; path = ACVideoTableViewCell.xib; sourceTree = "<group>"; };
		894B4EB31DBFD92A006FEF19 /* SDWebImage.framework */ = {isa = PBXFileReference; lastKnownFileType = wrapper.framework; name = SDWebImage.framework; path = "Pods/../build/Debug-iphoneos/SDWebImage/SDWebImage.framework"; sourceTree = "<group>"; };
		894B4EB51DBFD92F006FEF19 /* MWPhotoBrowser.framework */ = {isa = PBXFileReference; lastKnownFileType = wrapper.framework; name = MWPhotoBrowser.framework; path = "Pods/../build/Debug-iphoneos/MWPhotoBrowser/MWPhotoBrowser.framework"; sourceTree = "<group>"; };
		894B4EB71DBFDB12006FEF19 /* VK_ios_sdk.framework */ = {isa = PBXFileReference; lastKnownFileType = wrapper.framework; name = VK_ios_sdk.framework; path = "Pods/../build/Debug-iphoneos/VK-ios-sdk/VK_ios_sdk.framework"; sourceTree = "<group>"; };
		895B78FE1DE4B2E100A12DC5 /* ACSource.swift */ = {isa = PBXFileReference; fileEncoding = 4; lastKnownFileType = sourcecode.swift; path = ACSource.swift; sourceTree = "<group>"; };
		895B79001DE4B48400A12DC5 /* ACMessagesViewController.swift */ = {isa = PBXFileReference; fileEncoding = 4; lastKnownFileType = sourcecode.swift; path = ACMessagesViewController.swift; sourceTree = "<group>"; };
		895B79021DE4B49E00A12DC5 /* ACFriendsViewController.swift */ = {isa = PBXFileReference; fileEncoding = 4; lastKnownFileType = sourcecode.swift; path = ACFriendsViewController.swift; sourceTree = "<group>"; };
		895B79041DE4B4D600A12DC5 /* ACAccountViewController.swift */ = {isa = PBXFileReference; fileEncoding = 4; lastKnownFileType = sourcecode.swift; path = ACAccountViewController.swift; sourceTree = "<group>"; };
		895B790F1DE611DF00A12DC5 /* ACAccountHeaderTableViewCell.swift */ = {isa = PBXFileReference; fileEncoding = 4; lastKnownFileType = sourcecode.swift; path = ACAccountHeaderTableViewCell.swift; sourceTree = "<group>"; };
		895B79101DE611DF00A12DC5 /* ACAccountHeaderTableViewCell.xib */ = {isa = PBXFileReference; fileEncoding = 4; lastKnownFileType = file.xib; path = ACAccountHeaderTableViewCell.xib; sourceTree = "<group>"; };
		895B79131DE7510D00A12DC5 /* ACAccountManager.swift */ = {isa = PBXFileReference; fileEncoding = 4; lastKnownFileType = sourcecode.swift; path = ACAccountManager.swift; sourceTree = "<group>"; };
		895B79151DE7523800A12DC5 /* ACAccount.swift */ = {isa = PBXFileReference; fileEncoding = 4; lastKnownFileType = sourcecode.swift; path = ACAccount.swift; sourceTree = "<group>"; };
		8972751F1DBFD5B500CD8FC3 /* vk_news.app */ = {isa = PBXFileReference; explicitFileType = wrapper.application; includeInIndex = 0; path = vk_news.app; sourceTree = BUILT_PRODUCTS_DIR; };
		897275221DBFD5B500CD8FC3 /* AppDelegate.swift */ = {isa = PBXFileReference; lastKnownFileType = sourcecode.swift; path = AppDelegate.swift; sourceTree = "<group>"; };
		897275271DBFD5B500CD8FC3 /* Base */ = {isa = PBXFileReference; lastKnownFileType = file.storyboard; name = Base; path = Base.lproj/Main.storyboard; sourceTree = "<group>"; };
		8972752C1DBFD5B500CD8FC3 /* Base */ = {isa = PBXFileReference; lastKnownFileType = file.storyboard; name = Base; path = Base.lproj/LaunchScreen.storyboard; sourceTree = "<group>"; };
		8972752E1DBFD5B500CD8FC3 /* Info.plist */ = {isa = PBXFileReference; lastKnownFileType = text.plist.xml; path = Info.plist; sourceTree = "<group>"; };
		897275331DBFD5B500CD8FC3 /* vk_newsTests.xctest */ = {isa = PBXFileReference; explicitFileType = wrapper.cfbundle; includeInIndex = 0; path = vk_newsTests.xctest; sourceTree = BUILT_PRODUCTS_DIR; };
		897275371DBFD5B500CD8FC3 /* vk_newsTests.swift */ = {isa = PBXFileReference; lastKnownFileType = sourcecode.swift; path = vk_newsTests.swift; sourceTree = "<group>"; };
		897275391DBFD5B500CD8FC3 /* Info.plist */ = {isa = PBXFileReference; lastKnownFileType = text.plist.xml; path = Info.plist; sourceTree = "<group>"; };
		8972753E1DBFD5B500CD8FC3 /* vk_newsUITests.xctest */ = {isa = PBXFileReference; explicitFileType = wrapper.cfbundle; includeInIndex = 0; path = vk_newsUITests.xctest; sourceTree = BUILT_PRODUCTS_DIR; };
		897275421DBFD5B500CD8FC3 /* vk_newsUITests.swift */ = {isa = PBXFileReference; lastKnownFileType = sourcecode.swift; path = vk_newsUITests.swift; sourceTree = "<group>"; };
		897275441DBFD5B500CD8FC3 /* Info.plist */ = {isa = PBXFileReference; lastKnownFileType = text.plist.xml; path = Info.plist; sourceTree = "<group>"; };
		897AB29B1E1A6BA300A22887 /* AccountGetOperation.swift */ = {isa = PBXFileReference; fileEncoding = 4; lastKnownFileType = sourcecode.swift; path = AccountGetOperation.swift; sourceTree = "<group>"; };
		899415BC1DCE0A0E000186E6 /* ACNews.swift */ = {isa = PBXFileReference; fileEncoding = 4; lastKnownFileType = sourcecode.swift; path = ACNews.swift; sourceTree = "<group>"; };
		89BFAB6D1E0FF5E700394F02 /* OperationsManager.swift */ = {isa = PBXFileReference; fileEncoding = 4; lastKnownFileType = sourcecode.swift; path = OperationsManager.swift; sourceTree = "<group>"; };
		89D197A71DE058400042425C /* Assets.xcassets */ = {isa = PBXFileReference; lastKnownFileType = folder.assetcatalog; path = Assets.xcassets; sourceTree = "<group>"; };
		89D197AA1DE05D7A0042425C /* ACNewsTableViewCell_99.swift */ = {isa = PBXFileReference; fileEncoding = 4; lastKnownFileType = sourcecode.swift; path = ACNewsTableViewCell_99.swift; sourceTree = "<group>"; };
		89D197AB1DE05D7A0042425C /* ACNewsTableViewCell_99.xib */ = {isa = PBXFileReference; fileEncoding = 4; lastKnownFileType = file.xib; path = ACNewsTableViewCell_99.xib; sourceTree = "<group>"; };
		89D197AE1DE09B4E0042425C /* ACBaseItem.swift */ = {isa = PBXFileReference; fileEncoding = 4; lastKnownFileType = sourcecode.swift; path = ACBaseItem.swift; sourceTree = "<group>"; };
		89D197B01DE09B7F0042425C /* ACNewsItem.swift */ = {isa = PBXFileReference; fileEncoding = 4; lastKnownFileType = sourcecode.swift; path = ACNewsItem.swift; sourceTree = "<group>"; };
		89D197B21DE09BF40042425C /* ACNewsText.swift */ = {isa = PBXFileReference; fileEncoding = 4; lastKnownFileType = sourcecode.swift; path = ACNewsText.swift; sourceTree = "<group>"; };
		89D197B41DE09C410042425C /* ACNewsImage.swift */ = {isa = PBXFileReference; fileEncoding = 4; lastKnownFileType = sourcecode.swift; path = ACNewsImage.swift; sourceTree = "<group>"; };
		89D197B61DE09C7D0042425C /* ACNewsHeader.swift */ = {isa = PBXFileReference; fileEncoding = 4; lastKnownFileType = sourcecode.swift; path = ACNewsHeader.swift; sourceTree = "<group>"; };
		89D197B81DE09CF80042425C /* ACNewsFooter.swift */ = {isa = PBXFileReference; fileEncoding = 4; lastKnownFileType = sourcecode.swift; path = ACNewsFooter.swift; sourceTree = "<group>"; };
		B566AD47FDE186FEABBAD232 /* Pods_vk_news.framework */ = {isa = PBXFileReference; explicitFileType = wrapper.framework; includeInIndex = 0; path = Pods_vk_news.framework; sourceTree = BUILT_PRODUCTS_DIR; };
/* End PBXFileReference section */

/* Begin PBXFrameworksBuildPhase section */
		8972751C1DBFD5B500CD8FC3 /* Frameworks */ = {
			isa = PBXFrameworksBuildPhase;
			buildActionMask = 2147483647;
			files = (
				8945BA221E01BF2600D86455 /* JSQMessagesViewController.framework in Frameworks */,
				8945BA201E01BF2200D86455 /* JSQSystemSoundPlayer.framework in Frameworks */,
				894B4EB81DBFDB12006FEF19 /* VK_ios_sdk.framework in Frameworks */,
				894B4EB61DBFD92F006FEF19 /* MWPhotoBrowser.framework in Frameworks */,
				894B4EB41DBFD92A006FEF19 /* SDWebImage.framework in Frameworks */,
				41CA09581E8C089AF4CB29E0 /* Pods_vk_news.framework in Frameworks */,
			);
			runOnlyForDeploymentPostprocessing = 0;
		};
		897275301DBFD5B500CD8FC3 /* Frameworks */ = {
			isa = PBXFrameworksBuildPhase;
			buildActionMask = 2147483647;
			files = (
			);
			runOnlyForDeploymentPostprocessing = 0;
		};
		8972753B1DBFD5B500CD8FC3 /* Frameworks */ = {
			isa = PBXFrameworksBuildPhase;
			buildActionMask = 2147483647;
			files = (
			);
			runOnlyForDeploymentPostprocessing = 0;
		};
/* End PBXFrameworksBuildPhase section */

/* Begin PBXGroup section */
		469D95E61DC4D861003CFFBA /* View controllers */ = {
			isa = PBXGroup;
			children = (
				8945BA1C1E01BD7700D86455 /* Chat */,
				469D95E71DC4D868003CFFBA /* Tabbar Controllers */,
			);
			name = "View controllers";
			sourceTree = "<group>";
		};
		469D95E71DC4D868003CFFBA /* Tabbar Controllers */ = {
			isa = PBXGroup;
			children = (
				469D95EC1DC4EAB7003CFFBA /* ACFeedViewController.swift */,
				895B79001DE4B48400A12DC5 /* ACMessagesViewController.swift */,
				895B79021DE4B49E00A12DC5 /* ACFriendsViewController.swift */,
				895B79041DE4B4D600A12DC5 /* ACAccountViewController.swift */,
			);
			name = "Tabbar Controllers";
			sourceTree = "<group>";
		};
		469D95E81DC4D873003CFFBA /* System */ = {
			isa = PBXGroup;
			children = (
				897275221DBFD5B500CD8FC3 /* AppDelegate.swift */,
				897275261DBFD5B500CD8FC3 /* Main.storyboard */,
				89D197A71DE058400042425C /* Assets.xcassets */,
				8972752B1DBFD5B500CD8FC3 /* LaunchScreen.storyboard */,
				8972752E1DBFD5B500CD8FC3 /* Info.plist */,
			);
			name = System;
			sourceTree = "<group>";
		};
		469D95E91DC4D87E003CFFBA /* Managers */ = {
			isa = PBXGroup;
			children = (
				8945BA151E01BBFC00D86455 /* Dialog Managers */,
				469D95EA1DC4D88F003CFFBA /* ACAuthManager.swift */,
				8932D0171DCE080600CA29B5 /* ACNewsManagers.swift */,
				895B79131DE7510D00A12DC5 /* ACAccountManager.swift */,
				8932D0151DCDF79D00CA29B5 /* API_WRAPPER.swift */,
				8906337E1DFF12A500F0F1AF /* ACVideoManager.swift */,
				89BFAB6D1E0FF5E700394F02 /* OperationsManager.swift */,
			);
			name = Managers;
			sourceTree = "<group>";
		};
		46B392761DCDEC240078ADFC /* Helpers */ = {
			isa = PBXGroup;
			children = (
				46B392771DCDEC3C0078ADFC /* SwiftyJSON.swift */,
			);
			name = Helpers;
			sourceTree = "<group>";
		};
		4D19C0E8AE227C3B47666040 /* Frameworks */ = {
			isa = PBXGroup;
			children = (
				8945BA211E01BF2600D86455 /* JSQMessagesViewController.framework */,
				8945BA1F1E01BF2200D86455 /* JSQSystemSoundPlayer.framework */,
				894B4EB71DBFDB12006FEF19 /* VK_ios_sdk.framework */,
				894B4EB51DBFD92F006FEF19 /* MWPhotoBrowser.framework */,
				894B4EB31DBFD92A006FEF19 /* SDWebImage.framework */,
				B566AD47FDE186FEABBAD232 /* Pods_vk_news.framework */,
			);
			name = Frameworks;
			sourceTree = "<group>";
		};
		89143A681DD24D8700AD4985 /* Custom Views */ = {
			isa = PBXGroup;
			children = (
				8945B9FF1E01BA3E00D86455 /* DialogTableViewCell */,
				895B79061DE610FD00A12DC5 /* AccountTableViewCells */,
				89143A691DD24D9700AD4985 /* NewsTableViewCells */,
			);
			name = "Custom Views";
			sourceTree = "<group>";
		};
		89143A691DD24D9700AD4985 /* NewsTableViewCells */ = {
			isa = PBXGroup;
			children = (
				89D197A91DE05D610042425C /* Custom Cell for Footer */,
				89143A741DD4DD5E00AD4985 /* Custom Cell for Header */,
				89143A731DD4DD4A00AD4985 /* Custom Cell fo Photo */,
				89143A721DD4DD3600AD4985 /* Custom Cell fo Text */,
			);
			name = NewsTableViewCells;
			sourceTree = "<group>";
		};
		89143A721DD4DD3600AD4985 /* Custom Cell fo Text */ = {
			isa = PBXGroup;
			children = (
				89143A6A1DD24DB400AD4985 /* ACNewsTableViewCell_2.swift */,
				89143A6B1DD24DB400AD4985 /* ACNewsTableViewCell_2.xib */,
			);
			name = "Custom Cell fo Text";
			sourceTree = "<group>";
		};
		89143A731DD4DD4A00AD4985 /* Custom Cell fo Photo */ = {
			isa = PBXGroup;
			children = (
				89143A791DD4DDA400AD4985 /* ACNewsTableViewCell_3.swift */,
				89143A7A1DD4DDA400AD4985 /* ACNewsTableViewCell_3.xib */,
			);
			name = "Custom Cell fo Photo";
			sourceTree = "<group>";
		};
		89143A741DD4DD5E00AD4985 /* Custom Cell for Header */ = {
			isa = PBXGroup;
			children = (
				89143A751DD4DD9300AD4985 /* ACNewsTableViewCell_1.swift */,
				89143A761DD4DD9300AD4985 /* ACNewsTableViewCell_1.xib */,
			);
			name = "Custom Cell for Header";
			sourceTree = "<group>";
		};
		8919B2FC1E0FFDBF00AE9AA3 /* Operations */ = {
			isa = PBXGroup;
			children = (
				8919B2FD1E0FFE6300AE9AA3 /* NewsfeedGetOperation.swift */,
				897AB29B1E1A6BA300A22887 /* AccountGetOperation.swift */,
			);
			name = Operations;
			sourceTree = "<group>";
		};
		8932D00E1DCDEF4100CA29B5 /* Const */ = {
			isa = PBXGroup;
			children = (
				8932D0121DCDEFED00CA29B5 /* Consts.swift */,
			);
			name = Const;
			sourceTree = "<group>";
		};
		8945B9FF1E01BA3E00D86455 /* DialogTableViewCell */ = {
			isa = PBXGroup;
			children = (
				8945BA0F1E01BAC500D86455 /* ACDialogTableViewCell */,
				8945BA0E1E01BAB800D86455 /* ACDialogNoReadTableViewCell */,
				8945BA0C1E01BA9800D86455 /* ACAvatarChatCollectionViewCell */,
			);
			name = DialogTableViewCell;
			sourceTree = "<group>";
		};
		8945BA0C1E01BA9800D86455 /* ACAvatarChatCollectionViewCell */ = {
			isa = PBXGroup;
			children = (
				8945BA001E01BA9400D86455 /* ACAvatarChatCollectionViewCell.swift */,
				8945BA011E01BA9400D86455 /* ACAvatarChatCollectionViewCell.xib */,
			);
			name = ACAvatarChatCollectionViewCell;
			sourceTree = "<group>";
		};
		8945BA0E1E01BAB800D86455 /* ACDialogNoReadTableViewCell */ = {
			isa = PBXGroup;
			children = (
				8945BA021E01BA9400D86455 /* ACDialogNoReadTableViewCell.swift */,
				8945BA031E01BA9400D86455 /* ACDialogNoReadTableViewCell.xib */,
			);
			name = ACDialogNoReadTableViewCell;
			sourceTree = "<group>";
		};
		8945BA0F1E01BAC500D86455 /* ACDialogTableViewCell */ = {
			isa = PBXGroup;
			children = (
				8945BA041E01BA9400D86455 /* ACDialogTableViewCell.swift */,
				8945BA051E01BA9400D86455 /* ACDialogTableViewCell.xib */,
			);
			name = ACDialogTableViewCell;
			sourceTree = "<group>";
		};
		8945BA101E01BB1500D86455 /* Dialog Models */ = {
			isa = PBXGroup;
			children = (
				8945BA111E01BB4500D86455 /* ACDialog.swift */,
				8945BA121E01BB4500D86455 /* ChatImage.swift */,
			);
			name = "Dialog Models";
			sourceTree = "<group>";
		};
		8945BA151E01BBFC00D86455 /* Dialog Managers */ = {
			isa = PBXGroup;
			children = (
				8945BA161E01BC2D00D86455 /* ACChatManager.swift */,
				8945BA171E01BC2D00D86455 /* ACDialogManagers.swift */,
				8945BA181E01BC2D00D86455 /* LongPoll.swift */,
			);
			name = "Dialog Managers";
			sourceTree = "<group>";
		};
		8945BA1C1E01BD7700D86455 /* Chat */ = {
			isa = PBXGroup;
			children = (
				8945BA1D1E01BD8B00D86455 /* ChatViewController.swift */,
			);
			name = Chat;
			sourceTree = "<group>";
		};
		894AA0FB1DE9684C009BB555 /* Wall Posts Models */ = {
			isa = PBXGroup;
			children = (
				894AA0FC1DE96865009BB555 /* ACWallPost.swift */,
				894AA1001DE96892009BB555 /* ACWallPostCopyHeader.swift */,
			);
			name = "Wall Posts Models";
			sourceTree = "<group>";
		};
		894AA1081DE96A17009BB555 /* Basic Models */ = {
			isa = PBXGroup;
			children = (
				894AA1091DE96A50009BB555 /* ACCellText.swift */,
				894AA0FE1DE96880009BB555 /* ACCellHeader.swift */,
				894AA10B1DE96AFF009BB555 /* ACCellSource.swift */,
				894AA10D1DE96B44009BB555 /* ACCellImage.swift */,
				894AA10F1DE96B70009BB555 /* ACCellFooter.swift */,
				895B79151DE7523800A12DC5 /* ACAccount.swift */,
				894AA1711DEF46B5009BB555 /* ACCellVideo.swift */,
			);
			name = "Basic Models";
			sourceTree = "<group>";
		};
		894AA1111DE96BDC009BB555 /* News Fedd Models */ = {
			isa = PBXGroup;
			children = (
				899415BC1DCE0A0E000186E6 /* ACNews.swift */,
				89D197AE1DE09B4E0042425C /* ACBaseItem.swift */,
				89D197B01DE09B7F0042425C /* ACNewsItem.swift */,
				89D197B21DE09BF40042425C /* ACNewsText.swift */,
				89D197B41DE09C410042425C /* ACNewsImage.swift */,
				89D197B61DE09C7D0042425C /* ACNewsHeader.swift */,
				89D197B81DE09CF80042425C /* ACNewsFooter.swift */,
				895B78FE1DE4B2E100A12DC5 /* ACSource.swift */,
			);
			name = "News Fedd Models";
			sourceTree = "<group>";
		};
		894AA1121DE98BAE009BB555 /* Under Construct */ = {
			isa = PBXGroup;
			children = (
				894AA1131DE98BF1009BB555 /* ACUnderCTableViewCell.swift */,
				894AA1141DE98BF1009BB555 /* ACUnderCTableViewCell.xib */,
			);
			name = "Under Construct";
			sourceTree = "<group>";
		};
		894AA1181DE9BB2F009BB555 /* Custom Cells for Wall Item */ = {
			isa = PBXGroup;
			children = (
				894AA1731DEF4D13009BB555 /* Custom Cell For Video */,
				894AA12A1DE9BECD009BB555 /* Custom Cell for Footer */,
				894AA1291DE9BEB6009BB555 /* Custom Cell for Image */,
				894AA1241DE9BDF5009BB555 /* Custom Cell for Text */,
				894AA11E1DE9BD23009BB555 /* Custom Cells for CopySource */,
				894AA1191DE9BB43009BB555 /* Custom Cell for Header */,
			);
			name = "Custom Cells for Wall Item";
			sourceTree = "<group>";
		};
		894AA1191DE9BB43009BB555 /* Custom Cell for Header */ = {
			isa = PBXGroup;
			children = (
				894AA11A1DE9BB70009BB555 /* ACWallHeaderTableViewCell.swift */,
				894AA11B1DE9BB70009BB555 /* ACWallHeaderTableViewCell.xib */,
			);
			name = "Custom Cell for Header";
			sourceTree = "<group>";
		};
		894AA11E1DE9BD23009BB555 /* Custom Cells for CopySource */ = {
			isa = PBXGroup;
			children = (
				894AA1201DE9BD4F009BB555 /* ACWallCopySourceTableViewCell.swift */,
				894AA1211DE9BD4F009BB555 /* ACWallCopySourceTableViewCell.xib */,
			);
			name = "Custom Cells for CopySource";
			sourceTree = "<group>";
		};
		894AA1241DE9BDF5009BB555 /* Custom Cell for Text */ = {
			isa = PBXGroup;
			children = (
				894AA1251DE9BE10009BB555 /* ACWallTextTableViewCell.swift */,
				894AA1261DE9BE10009BB555 /* ACWallTextTableViewCell.xib */,
			);
			name = "Custom Cell for Text";
			sourceTree = "<group>";
		};
		894AA1291DE9BEB6009BB555 /* Custom Cell for Image */ = {
			isa = PBXGroup;
			children = (
				894AA12B1DE9BF02009BB555 /* ACImageTableViewCell.swift */,
				894AA12C1DE9BF02009BB555 /* ACImageTableViewCell.xib */,
			);
			name = "Custom Cell for Image";
			sourceTree = "<group>";
		};
		894AA12A1DE9BECD009BB555 /* Custom Cell for Footer */ = {
			isa = PBXGroup;
			children = (
				894AA12F1DE9BFD0009BB555 /* ACFooterTableViewCell.swift */,
				894AA1301DE9BFD0009BB555 /* ACFooterTableViewCell.xib */,
			);
			name = "Custom Cell for Footer";
			sourceTree = "<group>";
		};
		894AA1731DEF4D13009BB555 /* Custom Cell For Video */ = {
			isa = PBXGroup;
			children = (
				894AA1741DEF4D46009BB555 /* ACVideoTableViewCell.swift */,
				894AA1751DEF4D46009BB555 /* ACVideoTableViewCell.xib */,
			);
			name = "Custom Cell For Video";
			sourceTree = "<group>";
		};
		895B79061DE610FD00A12DC5 /* AccountTableViewCells */ = {
			isa = PBXGroup;
			children = (
				895B79091DE6116F00A12DC5 /* Custom Cells for Top TableView */,
			);
			name = AccountTableViewCells;
			sourceTree = "<group>";
		};
		895B79071DE6111300A12DC5 /* Custom Cell for Header */ = {
			isa = PBXGroup;
			children = (
				895B790F1DE611DF00A12DC5 /* ACAccountHeaderTableViewCell.swift */,
				895B79101DE611DF00A12DC5 /* ACAccountHeaderTableViewCell.xib */,
			);
			name = "Custom Cell for Header";
			sourceTree = "<group>";
		};
		895B79091DE6116F00A12DC5 /* Custom Cells for Top TableView */ = {
			isa = PBXGroup;
			children = (
				894AA1181DE9BB2F009BB555 /* Custom Cells for Wall Item */,
				894AA1121DE98BAE009BB555 /* Under Construct */,
				895B79071DE6111300A12DC5 /* Custom Cell for Header */,
			);
			name = "Custom Cells for Top TableView";
			sourceTree = "<group>";
		};
		897275161DBFD5B500CD8FC3 = {
			isa = PBXGroup;
			children = (
				897275211DBFD5B500CD8FC3 /* vk_news */,
				897275361DBFD5B500CD8FC3 /* vk_newsTests */,
				897275411DBFD5B500CD8FC3 /* vk_newsUITests */,
				897275201DBFD5B500CD8FC3 /* Products */,
				C929306A9638D8A8FB80E137 /* Pods */,
				4D19C0E8AE227C3B47666040 /* Frameworks */,
			);
			sourceTree = "<group>";
		};
		897275201DBFD5B500CD8FC3 /* Products */ = {
			isa = PBXGroup;
			children = (
				8972751F1DBFD5B500CD8FC3 /* vk_news.app */,
				897275331DBFD5B500CD8FC3 /* vk_newsTests.xctest */,
				8972753E1DBFD5B500CD8FC3 /* vk_newsUITests.xctest */,
			);
			name = Products;
			sourceTree = "<group>";
		};
		897275211DBFD5B500CD8FC3 /* vk_news */ = {
			isa = PBXGroup;
			children = (
				8919B2FC1E0FFDBF00AE9AA3 /* Operations */,
				89143A681DD24D8700AD4985 /* Custom Views */,
				469D95E61DC4D861003CFFBA /* View controllers */,
				899415BB1DCE0965000186E6 /* Model */,
				8932D00E1DCDEF4100CA29B5 /* Const */,
				469D95E91DC4D87E003CFFBA /* Managers */,
				469D95E81DC4D873003CFFBA /* System */,
				46B392761DCDEC240078ADFC /* Helpers */,
			);
			path = vk_news;
			sourceTree = "<group>";
		};
		897275361DBFD5B500CD8FC3 /* vk_newsTests */ = {
			isa = PBXGroup;
			children = (
				897275371DBFD5B500CD8FC3 /* vk_newsTests.swift */,
				897275391DBFD5B500CD8FC3 /* Info.plist */,
			);
			path = vk_newsTests;
			sourceTree = "<group>";
		};
		897275411DBFD5B500CD8FC3 /* vk_newsUITests */ = {
			isa = PBXGroup;
			children = (
				897275421DBFD5B500CD8FC3 /* vk_newsUITests.swift */,
				897275441DBFD5B500CD8FC3 /* Info.plist */,
			);
			path = vk_newsUITests;
			sourceTree = "<group>";
		};
		899415BB1DCE0965000186E6 /* Model */ = {
			isa = PBXGroup;
			children = (
				8945BA101E01BB1500D86455 /* Dialog Models */,
				894AA1081DE96A17009BB555 /* Basic Models */,
				894AA0FB1DE9684C009BB555 /* Wall Posts Models */,
				894AA1111DE96BDC009BB555 /* News Fedd Models */,
			);
			name = Model;
			sourceTree = "<group>";
		};
		89D197A91DE05D610042425C /* Custom Cell for Footer */ = {
			isa = PBXGroup;
			children = (
				89D197AA1DE05D7A0042425C /* ACNewsTableViewCell_99.swift */,
				89D197AB1DE05D7A0042425C /* ACNewsTableViewCell_99.xib */,
			);
			name = "Custom Cell for Footer";
			sourceTree = "<group>";
		};
		C929306A9638D8A8FB80E137 /* Pods */ = {
			isa = PBXGroup;
			children = (
				77847D1265890A7D1BE8A520 /* Pods-vk_news.debug.xcconfig */,
				3C9E787D0B5BBC523D6722F8 /* Pods-vk_news.release.xcconfig */,
			);
			name = Pods;
			sourceTree = "<group>";
		};
/* End PBXGroup section */

/* Begin PBXNativeTarget section */
		8972751E1DBFD5B500CD8FC3 /* vk_news */ = {
			isa = PBXNativeTarget;
			buildConfigurationList = 897275471DBFD5B500CD8FC3 /* Build configuration list for PBXNativeTarget "vk_news" */;
			buildPhases = (
				6CD3AEA85758857BB6D7A6AC /* [CP] Check Pods Manifest.lock */,
				8972751B1DBFD5B500CD8FC3 /* Sources */,
				8972751C1DBFD5B500CD8FC3 /* Frameworks */,
				8972751D1DBFD5B500CD8FC3 /* Resources */,
				304BC10CEAF65AA468FDAC06 /* [CP] Embed Pods Frameworks */,
				91498FDF02556AEB6F5BEEAC /* [CP] Copy Pods Resources */,
			);
			buildRules = (
			);
			dependencies = (
			);
			name = vk_news;
			productName = vk_news;
			productReference = 8972751F1DBFD5B500CD8FC3 /* vk_news.app */;
			productType = "com.apple.product-type.application";
		};
		897275321DBFD5B500CD8FC3 /* vk_newsTests */ = {
			isa = PBXNativeTarget;
			buildConfigurationList = 8972754A1DBFD5B500CD8FC3 /* Build configuration list for PBXNativeTarget "vk_newsTests" */;
			buildPhases = (
				8972752F1DBFD5B500CD8FC3 /* Sources */,
				897275301DBFD5B500CD8FC3 /* Frameworks */,
				897275311DBFD5B500CD8FC3 /* Resources */,
			);
			buildRules = (
			);
			dependencies = (
				897275351DBFD5B500CD8FC3 /* PBXTargetDependency */,
			);
			name = vk_newsTests;
			productName = vk_newsTests;
			productReference = 897275331DBFD5B500CD8FC3 /* vk_newsTests.xctest */;
			productType = "com.apple.product-type.bundle.unit-test";
		};
		8972753D1DBFD5B500CD8FC3 /* vk_newsUITests */ = {
			isa = PBXNativeTarget;
			buildConfigurationList = 8972754D1DBFD5B500CD8FC3 /* Build configuration list for PBXNativeTarget "vk_newsUITests" */;
			buildPhases = (
				8972753A1DBFD5B500CD8FC3 /* Sources */,
				8972753B1DBFD5B500CD8FC3 /* Frameworks */,
				8972753C1DBFD5B500CD8FC3 /* Resources */,
			);
			buildRules = (
			);
			dependencies = (
				897275401DBFD5B500CD8FC3 /* PBXTargetDependency */,
			);
			name = vk_newsUITests;
			productName = vk_newsUITests;
			productReference = 8972753E1DBFD5B500CD8FC3 /* vk_newsUITests.xctest */;
			productType = "com.apple.product-type.bundle.ui-testing";
		};
/* End PBXNativeTarget section */

/* Begin PBXProject section */
		897275171DBFD5B500CD8FC3 /* Project object */ = {
			isa = PBXProject;
			attributes = {
				LastSwiftUpdateCheck = 0800;
				LastUpgradeCheck = 0800;
				ORGANIZATIONNAME = vvz;
				TargetAttributes = {
					8972751E1DBFD5B500CD8FC3 = {
						CreatedOnToolsVersion = 8.0;
						DevelopmentTeam = GB857ZG62U;
						ProvisioningStyle = Automatic;
					};
					897275321DBFD5B500CD8FC3 = {
						CreatedOnToolsVersion = 8.0;
						ProvisioningStyle = Automatic;
						TestTargetID = 8972751E1DBFD5B500CD8FC3;
					};
					8972753D1DBFD5B500CD8FC3 = {
						CreatedOnToolsVersion = 8.0;
						ProvisioningStyle = Automatic;
						TestTargetID = 8972751E1DBFD5B500CD8FC3;
					};
				};
			};
			buildConfigurationList = 8972751A1DBFD5B500CD8FC3 /* Build configuration list for PBXProject "vk_news" */;
			compatibilityVersion = "Xcode 3.2";
			developmentRegion = English;
			hasScannedForEncodings = 0;
			knownRegions = (
				en,
				Base,
			);
			mainGroup = 897275161DBFD5B500CD8FC3;
			productRefGroup = 897275201DBFD5B500CD8FC3 /* Products */;
			projectDirPath = "";
			projectRoot = "";
			targets = (
				8972751E1DBFD5B500CD8FC3 /* vk_news */,
				897275321DBFD5B500CD8FC3 /* vk_newsTests */,
				8972753D1DBFD5B500CD8FC3 /* vk_newsUITests */,
			);
		};
/* End PBXProject section */

/* Begin PBXResourcesBuildPhase section */
		8972751D1DBFD5B500CD8FC3 /* Resources */ = {
			isa = PBXResourcesBuildPhase;
			buildActionMask = 2147483647;
			files = (
				89143A6D1DD24DB400AD4985 /* ACNewsTableViewCell_2.xib in Resources */,
				8945BA071E01BA9400D86455 /* ACAvatarChatCollectionViewCell.xib in Resources */,
				8972752D1DBFD5B500CD8FC3 /* LaunchScreen.storyboard in Resources */,
				89D197AD1DE05D7A0042425C /* ACNewsTableViewCell_99.xib in Resources */,
				89143A781DD4DD9300AD4985 /* ACNewsTableViewCell_1.xib in Resources */,
				894AA1161DE98BF1009BB555 /* ACUnderCTableViewCell.xib in Resources */,
				8945BA091E01BA9400D86455 /* ACDialogNoReadTableViewCell.xib in Resources */,
				8945BA0B1E01BA9400D86455 /* ACDialogTableViewCell.xib in Resources */,
				89D197A81DE058400042425C /* Assets.xcassets in Resources */,
				894AA1771DEF4D46009BB555 /* ACVideoTableViewCell.xib in Resources */,
				894AA1231DE9BD4F009BB555 /* ACWallCopySourceTableViewCell.xib in Resources */,
				894AA11D1DE9BB70009BB555 /* ACWallHeaderTableViewCell.xib in Resources */,
				894AA1281DE9BE10009BB555 /* ACWallTextTableViewCell.xib in Resources */,
				89143A7C1DD4DDA400AD4985 /* ACNewsTableViewCell_3.xib in Resources */,
				894AA12E1DE9BF02009BB555 /* ACImageTableViewCell.xib in Resources */,
				895B79121DE611DF00A12DC5 /* ACAccountHeaderTableViewCell.xib in Resources */,
				894AA1321DE9BFD0009BB555 /* ACFooterTableViewCell.xib in Resources */,
				897275281DBFD5B500CD8FC3 /* Main.storyboard in Resources */,
			);
			runOnlyForDeploymentPostprocessing = 0;
		};
		897275311DBFD5B500CD8FC3 /* Resources */ = {
			isa = PBXResourcesBuildPhase;
			buildActionMask = 2147483647;
			files = (
			);
			runOnlyForDeploymentPostprocessing = 0;
		};
		8972753C1DBFD5B500CD8FC3 /* Resources */ = {
			isa = PBXResourcesBuildPhase;
			buildActionMask = 2147483647;
			files = (
			);
			runOnlyForDeploymentPostprocessing = 0;
		};
/* End PBXResourcesBuildPhase section */

/* Begin PBXShellScriptBuildPhase section */
		304BC10CEAF65AA468FDAC06 /* [CP] Embed Pods Frameworks */ = {
			isa = PBXShellScriptBuildPhase;
			buildActionMask = 2147483647;
			files = (
			);
			inputPaths = (
			);
			name = "[CP] Embed Pods Frameworks";
			outputPaths = (
			);
			runOnlyForDeploymentPostprocessing = 0;
			shellPath = /bin/sh;
			shellScript = "\"${SRCROOT}/Pods/Target Support Files/Pods-vk_news/Pods-vk_news-frameworks.sh\"\n";
			showEnvVarsInLog = 0;
		};
		6CD3AEA85758857BB6D7A6AC /* [CP] Check Pods Manifest.lock */ = {
			isa = PBXShellScriptBuildPhase;
			buildActionMask = 2147483647;
			files = (
			);
			inputPaths = (
			);
			name = "[CP] Check Pods Manifest.lock";
			outputPaths = (
			);
			runOnlyForDeploymentPostprocessing = 0;
			shellPath = /bin/sh;
			shellScript = "diff \"${PODS_ROOT}/../Podfile.lock\" \"${PODS_ROOT}/Manifest.lock\" > /dev/null\nif [[ $? != 0 ]] ; then\n    cat << EOM\nerror: The sandbox is not in sync with the Podfile.lock. Run 'pod install' or update your CocoaPods installation.\nEOM\n    exit 1\nfi\n";
			showEnvVarsInLog = 0;
		};
		91498FDF02556AEB6F5BEEAC /* [CP] Copy Pods Resources */ = {
			isa = PBXShellScriptBuildPhase;
			buildActionMask = 2147483647;
			files = (
			);
			inputPaths = (
			);
			name = "[CP] Copy Pods Resources";
			outputPaths = (
			);
			runOnlyForDeploymentPostprocessing = 0;
			shellPath = /bin/sh;
			shellScript = "\"${SRCROOT}/Pods/Target Support Files/Pods-vk_news/Pods-vk_news-resources.sh\"\n";
			showEnvVarsInLog = 0;
		};
/* End PBXShellScriptBuildPhase section */

/* Begin PBXSourcesBuildPhase section */
		8972751B1DBFD5B500CD8FC3 /* Sources */ = {
			isa = PBXSourcesBuildPhase;
			buildActionMask = 2147483647;
			files = (
				895B79011DE4B48400A12DC5 /* ACMessagesViewController.swift in Sources */,
				89D197B51DE09C410042425C /* ACNewsImage.swift in Sources */,
				894AA10A1DE96A50009BB555 /* ACCellText.swift in Sources */,
				8919B2FE1E0FFE6300AE9AA3 /* NewsfeedGetOperation.swift in Sources */,
				89143A6C1DD24DB400AD4985 /* ACNewsTableViewCell_2.swift in Sources */,
				89143A771DD4DD9300AD4985 /* ACNewsTableViewCell_1.swift in Sources */,
				899415BD1DCE0A0E000186E6 /* ACNews.swift in Sources */,
				895B79031DE4B49E00A12DC5 /* ACFriendsViewController.swift in Sources */,
				895B79141DE7510D00A12DC5 /* ACAccountManager.swift in Sources */,
				8945BA191E01BC2D00D86455 /* ACChatManager.swift in Sources */,
				894AA1721DEF46B5009BB555 /* ACCellVideo.swift in Sources */,
				894AA12D1DE9BF02009BB555 /* ACImageTableViewCell.swift in Sources */,
				895B79051DE4B4D600A12DC5 /* ACAccountViewController.swift in Sources */,
				894AA0FD1DE96865009BB555 /* ACWallPost.swift in Sources */,
				897275231DBFD5B500CD8FC3 /* AppDelegate.swift in Sources */,
				89D197AF1DE09B4E0042425C /* ACBaseItem.swift in Sources */,
				89D197B11DE09B7F0042425C /* ACNewsItem.swift in Sources */,
				894AA1151DE98BF1009BB555 /* ACUnderCTableViewCell.swift in Sources */,
				894AA0FF1DE96880009BB555 /* ACCellHeader.swift in Sources */,
				8945BA1E1E01BD8B00D86455 /* ChatViewController.swift in Sources */,
				8945BA061E01BA9400D86455 /* ACAvatarChatCollectionViewCell.swift in Sources */,
				895B79111DE611DF00A12DC5 /* ACAccountHeaderTableViewCell.swift in Sources */,
				894AA10E1DE96B44009BB555 /* ACCellImage.swift in Sources */,
				89143A7B1DD4DDA400AD4985 /* ACNewsTableViewCell_3.swift in Sources */,
				8945BA0A1E01BA9400D86455 /* ACDialogTableViewCell.swift in Sources */,
				897AB29C1E1A6BA300A22887 /* AccountGetOperation.swift in Sources */,
				895B79161DE7523800A12DC5 /* ACAccount.swift in Sources */,
				89D197B71DE09C7D0042425C /* ACNewsHeader.swift in Sources */,
				89D197B91DE09CF80042425C /* ACNewsFooter.swift in Sources */,
				8932D0131DCDEFED00CA29B5 /* Consts.swift in Sources */,
				894AA11C1DE9BB70009BB555 /* ACWallHeaderTableViewCell.swift in Sources */,
				8945BA1B1E01BC2D00D86455 /* LongPoll.swift in Sources */,
				469D95EB1DC4D88F003CFFBA /* ACAuthManager.swift in Sources */,
				894AA1271DE9BE10009BB555 /* ACWallTextTableViewCell.swift in Sources */,
				89BFAB6E1E0FF5E700394F02 /* OperationsManager.swift in Sources */,
				894AA1761DEF4D46009BB555 /* ACVideoTableViewCell.swift in Sources */,
				895B78FF1DE4B2E100A12DC5 /* ACSource.swift in Sources */,
				894AA1101DE96B70009BB555 /* ACCellFooter.swift in Sources */,
				8945BA131E01BB4500D86455 /* ACDialog.swift in Sources */,
				8945BA141E01BB4500D86455 /* ChatImage.swift in Sources */,
				8945BA1A1E01BC2D00D86455 /* ACDialogManagers.swift in Sources */,
				894AA1011DE96892009BB555 /* ACWallPostCopyHeader.swift in Sources */,
				469D95ED1DC4EAB7003CFFBA /* ACFeedViewController.swift in Sources */,
				894AA1221DE9BD4F009BB555 /* ACWallCopySourceTableViewCell.swift in Sources */,
				8945BA081E01BA9400D86455 /* ACDialogNoReadTableViewCell.swift in Sources */,
				89D197AC1DE05D7A0042425C /* ACNewsTableViewCell_99.swift in Sources */,
				894AA1311DE9BFD0009BB555 /* ACFooterTableViewCell.swift in Sources */,
				8932D0161DCDF79D00CA29B5 /* API_WRAPPER.swift in Sources */,
				894AA10C1DE96AFF009BB555 /* ACCellSource.swift in Sources */,
				46B392781DCDEC3C0078ADFC /* SwiftyJSON.swift in Sources */,
				8932D0181DCE080600CA29B5 /* ACNewsManagers.swift in Sources */,
				89D197B31DE09BF40042425C /* ACNewsText.swift in Sources */,
				8906337F1DFF12A500F0F1AF /* ACVideoManager.swift in Sources */,
			);
			runOnlyForDeploymentPostprocessing = 0;
		};
		8972752F1DBFD5B500CD8FC3 /* Sources */ = {
			isa = PBXSourcesBuildPhase;
			buildActionMask = 2147483647;
			files = (
				897275381DBFD5B500CD8FC3 /* vk_newsTests.swift in Sources */,
			);
			runOnlyForDeploymentPostprocessing = 0;
		};
		8972753A1DBFD5B500CD8FC3 /* Sources */ = {
			isa = PBXSourcesBuildPhase;
			buildActionMask = 2147483647;
			files = (
				897275431DBFD5B500CD8FC3 /* vk_newsUITests.swift in Sources */,
			);
			runOnlyForDeploymentPostprocessing = 0;
		};
/* End PBXSourcesBuildPhase section */

/* Begin PBXTargetDependency section */
		897275351DBFD5B500CD8FC3 /* PBXTargetDependency */ = {
			isa = PBXTargetDependency;
			target = 8972751E1DBFD5B500CD8FC3 /* vk_news */;
			targetProxy = 897275341DBFD5B500CD8FC3 /* PBXContainerItemProxy */;
		};
		897275401DBFD5B500CD8FC3 /* PBXTargetDependency */ = {
			isa = PBXTargetDependency;
			target = 8972751E1DBFD5B500CD8FC3 /* vk_news */;
			targetProxy = 8972753F1DBFD5B500CD8FC3 /* PBXContainerItemProxy */;
		};
/* End PBXTargetDependency section */

/* Begin PBXVariantGroup section */
		897275261DBFD5B500CD8FC3 /* Main.storyboard */ = {
			isa = PBXVariantGroup;
			children = (
				897275271DBFD5B500CD8FC3 /* Base */,
			);
			name = Main.storyboard;
			sourceTree = "<group>";
		};
		8972752B1DBFD5B500CD8FC3 /* LaunchScreen.storyboard */ = {
			isa = PBXVariantGroup;
			children = (
				8972752C1DBFD5B500CD8FC3 /* Base */,
			);
			name = LaunchScreen.storyboard;
			sourceTree = "<group>";
		};
/* End PBXVariantGroup section */

/* Begin XCBuildConfiguration section */
		897275451DBFD5B500CD8FC3 /* Debug */ = {
			isa = XCBuildConfiguration;
			buildSettings = {
				ALWAYS_SEARCH_USER_PATHS = NO;
				CLANG_ANALYZER_NONNULL = YES;
				CLANG_CXX_LANGUAGE_STANDARD = "gnu++0x";
				CLANG_CXX_LIBRARY = "libc++";
				CLANG_ENABLE_MODULES = YES;
				CLANG_ENABLE_OBJC_ARC = YES;
				CLANG_WARN_BOOL_CONVERSION = YES;
				CLANG_WARN_CONSTANT_CONVERSION = YES;
				CLANG_WARN_DIRECT_OBJC_ISA_USAGE = YES_ERROR;
				CLANG_WARN_DOCUMENTATION_COMMENTS = YES;
				CLANG_WARN_EMPTY_BODY = YES;
				CLANG_WARN_ENUM_CONVERSION = YES;
				CLANG_WARN_INFINITE_RECURSION = YES;
				CLANG_WARN_INT_CONVERSION = YES;
				CLANG_WARN_OBJC_ROOT_CLASS = YES_ERROR;
				CLANG_WARN_SUSPICIOUS_MOVES = YES;
				CLANG_WARN_UNREACHABLE_CODE = YES;
				CLANG_WARN__DUPLICATE_METHOD_MATCH = YES;
				"CODE_SIGN_IDENTITY[sdk=iphoneos*]" = "iPhone Developer";
				COPY_PHASE_STRIP = NO;
				DEBUG_INFORMATION_FORMAT = dwarf;
				ENABLE_STRICT_OBJC_MSGSEND = YES;
				ENABLE_TESTABILITY = YES;
				GCC_C_LANGUAGE_STANDARD = gnu99;
				GCC_DYNAMIC_NO_PIC = NO;
				GCC_NO_COMMON_BLOCKS = YES;
				GCC_OPTIMIZATION_LEVEL = 0;
				GCC_PREPROCESSOR_DEFINITIONS = (
					"DEBUG=1",
					"$(inherited)",
				);
				GCC_WARN_64_TO_32_BIT_CONVERSION = YES;
				GCC_WARN_ABOUT_RETURN_TYPE = YES_ERROR;
				GCC_WARN_UNDECLARED_SELECTOR = YES;
				GCC_WARN_UNINITIALIZED_AUTOS = YES_AGGRESSIVE;
				GCC_WARN_UNUSED_FUNCTION = YES;
				GCC_WARN_UNUSED_VARIABLE = YES;
				IPHONEOS_DEPLOYMENT_TARGET = 10.0;
				MTL_ENABLE_DEBUG_INFO = YES;
				ONLY_ACTIVE_ARCH = YES;
				SDKROOT = iphoneos;
				SWIFT_ACTIVE_COMPILATION_CONDITIONS = DEBUG;
				SWIFT_OPTIMIZATION_LEVEL = "-Onone";
				TARGETED_DEVICE_FAMILY = "1,2";
			};
			name = Debug;
		};
		897275461DBFD5B500CD8FC3 /* Release */ = {
			isa = XCBuildConfiguration;
			buildSettings = {
				ALWAYS_SEARCH_USER_PATHS = NO;
				CLANG_ANALYZER_NONNULL = YES;
				CLANG_CXX_LANGUAGE_STANDARD = "gnu++0x";
				CLANG_CXX_LIBRARY = "libc++";
				CLANG_ENABLE_MODULES = YES;
				CLANG_ENABLE_OBJC_ARC = YES;
				CLANG_WARN_BOOL_CONVERSION = YES;
				CLANG_WARN_CONSTANT_CONVERSION = YES;
				CLANG_WARN_DIRECT_OBJC_ISA_USAGE = YES_ERROR;
				CLANG_WARN_DOCUMENTATION_COMMENTS = YES;
				CLANG_WARN_EMPTY_BODY = YES;
				CLANG_WARN_ENUM_CONVERSION = YES;
				CLANG_WARN_INFINITE_RECURSION = YES;
				CLANG_WARN_INT_CONVERSION = YES;
				CLANG_WARN_OBJC_ROOT_CLASS = YES_ERROR;
				CLANG_WARN_SUSPICIOUS_MOVES = YES;
				CLANG_WARN_UNREACHABLE_CODE = YES;
				CLANG_WARN__DUPLICATE_METHOD_MATCH = YES;
				"CODE_SIGN_IDENTITY[sdk=iphoneos*]" = "iPhone Developer";
				COPY_PHASE_STRIP = NO;
				DEBUG_INFORMATION_FORMAT = "dwarf-with-dsym";
				ENABLE_NS_ASSERTIONS = NO;
				ENABLE_STRICT_OBJC_MSGSEND = YES;
				GCC_C_LANGUAGE_STANDARD = gnu99;
				GCC_NO_COMMON_BLOCKS = YES;
				GCC_WARN_64_TO_32_BIT_CONVERSION = YES;
				GCC_WARN_ABOUT_RETURN_TYPE = YES_ERROR;
				GCC_WARN_UNDECLARED_SELECTOR = YES;
				GCC_WARN_UNINITIALIZED_AUTOS = YES_AGGRESSIVE;
				GCC_WARN_UNUSED_FUNCTION = YES;
				GCC_WARN_UNUSED_VARIABLE = YES;
				IPHONEOS_DEPLOYMENT_TARGET = 10.0;
				MTL_ENABLE_DEBUG_INFO = NO;
				SDKROOT = iphoneos;
				SWIFT_OPTIMIZATION_LEVEL = "-Owholemodule";
				TARGETED_DEVICE_FAMILY = "1,2";
				VALIDATE_PRODUCT = YES;
			};
			name = Release;
		};
		897275481DBFD5B500CD8FC3 /* Debug */ = {
			isa = XCBuildConfiguration;
			baseConfigurationReference = 77847D1265890A7D1BE8A520 /* Pods-vk_news.debug.xcconfig */;
			buildSettings = {
				ASSETCATALOG_COMPILER_APPICON_NAME = AppIcon;
				DEVELOPMENT_TEAM = GB857ZG62U;
				FRAMEWORK_SEARCH_PATHS = (
					"$(inherited)",
					"$(PROJECT_DIR)/build/Debug-iphoneos/SDWebImage",
					"$(PROJECT_DIR)/build/Debug-iphoneos/MWPhotoBrowser",
					"$(PROJECT_DIR)/build/Debug-iphoneos/VK-ios-sdk",
					"$(PROJECT_DIR)/build/Debug-iphoneos/JSQSystemSoundPlayer",
					"$(PROJECT_DIR)/build/Debug-iphoneos/JSQMessagesViewController",
				);
				INFOPLIST_FILE = vk_news/Info.plist;
				IPHONEOS_DEPLOYMENT_TARGET = 9.0;
				LD_RUNPATH_SEARCH_PATHS = "$(inherited) @executable_path/Frameworks";
				PRODUCT_BUNDLE_IDENTIFIER = "vvz.vk-news";
				PRODUCT_NAME = "$(TARGET_NAME)";
				SWIFT_VERSION = 3.0;
			};
			name = Debug;
		};
		897275491DBFD5B500CD8FC3 /* Release */ = {
			isa = XCBuildConfiguration;
			baseConfigurationReference = 3C9E787D0B5BBC523D6722F8 /* Pods-vk_news.release.xcconfig */;
			buildSettings = {
				ASSETCATALOG_COMPILER_APPICON_NAME = AppIcon;
				DEVELOPMENT_TEAM = GB857ZG62U;
				FRAMEWORK_SEARCH_PATHS = (
					"$(inherited)",
					"$(PROJECT_DIR)/build/Debug-iphoneos/SDWebImage",
					"$(PROJECT_DIR)/build/Debug-iphoneos/MWPhotoBrowser",
					"$(PROJECT_DIR)/build/Debug-iphoneos/VK-ios-sdk",
					"$(PROJECT_DIR)/build/Debug-iphoneos/JSQSystemSoundPlayer",
					"$(PROJECT_DIR)/build/Debug-iphoneos/JSQMessagesViewController",
				);
				INFOPLIST_FILE = vk_news/Info.plist;
				IPHONEOS_DEPLOYMENT_TARGET = 9.0;
				LD_RUNPATH_SEARCH_PATHS = "$(inherited) @executable_path/Frameworks";
				PRODUCT_BUNDLE_IDENTIFIER = "vvz.vk-news";
				PRODUCT_NAME = "$(TARGET_NAME)";
				SWIFT_VERSION = 3.0;
			};
			name = Release;
		};
		8972754B1DBFD5B500CD8FC3 /* Debug */ = {
			isa = XCBuildConfiguration;
			buildSettings = {
				ALWAYS_EMBED_SWIFT_STANDARD_LIBRARIES = YES;
				BUNDLE_LOADER = "$(TEST_HOST)";
				INFOPLIST_FILE = vk_newsTests/Info.plist;
				LD_RUNPATH_SEARCH_PATHS = "$(inherited) @executable_path/Frameworks @loader_path/Frameworks";
				PRODUCT_BUNDLE_IDENTIFIER = "vvz.vk-newsTests";
				PRODUCT_NAME = "$(TARGET_NAME)";
				SWIFT_VERSION = 3.0;
				TEST_HOST = "$(BUILT_PRODUCTS_DIR)/vk_news.app/vk_news";
			};
			name = Debug;
		};
		8972754C1DBFD5B500CD8FC3 /* Release */ = {
			isa = XCBuildConfiguration;
			buildSettings = {
				ALWAYS_EMBED_SWIFT_STANDARD_LIBRARIES = YES;
				BUNDLE_LOADER = "$(TEST_HOST)";
				INFOPLIST_FILE = vk_newsTests/Info.plist;
				LD_RUNPATH_SEARCH_PATHS = "$(inherited) @executable_path/Frameworks @loader_path/Frameworks";
				PRODUCT_BUNDLE_IDENTIFIER = "vvz.vk-newsTests";
				PRODUCT_NAME = "$(TARGET_NAME)";
				SWIFT_VERSION = 3.0;
				TEST_HOST = "$(BUILT_PRODUCTS_DIR)/vk_news.app/vk_news";
			};
			name = Release;
		};
		8972754E1DBFD5B500CD8FC3 /* Debug */ = {
			isa = XCBuildConfiguration;
			buildSettings = {
				ALWAYS_EMBED_SWIFT_STANDARD_LIBRARIES = YES;
				INFOPLIST_FILE = vk_newsUITests/Info.plist;
				LD_RUNPATH_SEARCH_PATHS = "$(inherited) @executable_path/Frameworks @loader_path/Frameworks";
				PRODUCT_BUNDLE_IDENTIFIER = "vvz.vk-newsUITests";
				PRODUCT_NAME = "$(TARGET_NAME)";
				SWIFT_VERSION = 3.0;
				TEST_TARGET_NAME = vk_news;
			};
			name = Debug;
		};
		8972754F1DBFD5B500CD8FC3 /* Release */ = {
			isa = XCBuildConfiguration;
			buildSettings = {
				ALWAYS_EMBED_SWIFT_STANDARD_LIBRARIES = YES;
				INFOPLIST_FILE = vk_newsUITests/Info.plist;
				LD_RUNPATH_SEARCH_PATHS = "$(inherited) @executable_path/Frameworks @loader_path/Frameworks";
				PRODUCT_BUNDLE_IDENTIFIER = "vvz.vk-newsUITests";
				PRODUCT_NAME = "$(TARGET_NAME)";
				SWIFT_VERSION = 3.0;
				TEST_TARGET_NAME = vk_news;
			};
			name = Release;
		};
/* End XCBuildConfiguration section */

/* Begin XCConfigurationList section */
		8972751A1DBFD5B500CD8FC3 /* Build configuration list for PBXProject "vk_news" */ = {
			isa = XCConfigurationList;
			buildConfigurations = (
				897275451DBFD5B500CD8FC3 /* Debug */,
				897275461DBFD5B500CD8FC3 /* Release */,
			);
			defaultConfigurationIsVisible = 0;
			defaultConfigurationName = Release;
		};
		897275471DBFD5B500CD8FC3 /* Build configuration list for PBXNativeTarget "vk_news" */ = {
			isa = XCConfigurationList;
			buildConfigurations = (
				897275481DBFD5B500CD8FC3 /* Debug */,
				897275491DBFD5B500CD8FC3 /* Release */,
			);
			defaultConfigurationIsVisible = 0;
			defaultConfigurationName = Release;
		};
		8972754A1DBFD5B500CD8FC3 /* Build configuration list for PBXNativeTarget "vk_newsTests" */ = {
			isa = XCConfigurationList;
			buildConfigurations = (
				8972754B1DBFD5B500CD8FC3 /* Debug */,
				8972754C1DBFD5B500CD8FC3 /* Release */,
			);
			defaultConfigurationIsVisible = 0;
			defaultConfigurationName = Release;
		};
		8972754D1DBFD5B500CD8FC3 /* Build configuration list for PBXNativeTarget "vk_newsUITests" */ = {
			isa = XCConfigurationList;
			buildConfigurations = (
				8972754E1DBFD5B500CD8FC3 /* Debug */,
				8972754F1DBFD5B500CD8FC3 /* Release */,
			);
			defaultConfigurationIsVisible = 0;
			defaultConfigurationName = Release;
		};
/* End XCConfigurationList section */
	};
	rootObject = 897275171DBFD5B500CD8FC3 /* Project object */;
}
